
Microsoft Visual Studio Solution File, Format Version 12.00
# Visual Studio 2010
Project("{FAE04EC0-301F-11D3-BF4B-00C04F79EFBC}") = "TextEditor", "TextEditor\TextEditor.csproj", "{FF758F29-D554-4174-A445-AF382AAB2D59}"
EndProject
Project("{2150E333-8FDC-42A3-9474-1A3956D46DE8}") = "Solution Items", "Solution Items", "{A732B808-83FB-4886-914C-EA459C64CE98}"
	ProjectSection(SolutionItems) = preProject
		Local.testsettings = Local.testsettings
		TextEditor.vsmdi = TextEditor.vsmdi
		TraceAndTestImpact.testsettings = TraceAndTestImpact.testsettings
	EndProjectSection
EndProject
Global
	GlobalSection(TestCaseManagementSettings) = postSolution
		CategoryFile = TextEditor.vsmdi
	EndGlobalSection
	GlobalSection(SolutionConfigurationPlatforms) = preSolution
		Debug|Any CPU = Debug|Any CPU
		Debug|Mixed Platforms = Debug|Mixed Platforms
		Debug|x86 = Debug|x86
		Release|Any CPU = Release|Any CPU
		Release|Mixed Platforms = Release|Mixed Platforms
		Release|x86 = Release|x86
	EndGlobalSection
	GlobalSection(ProjectConfigurationPlatforms) = postSolution
		{FF758F29-D554-4174-A445-AF382AAB2D59}.Debug|Any CPU.ActiveCfg = Debug|x86
		{FF758F29-D554-4174-A445-AF382AAB2D59}.Debug|Mixed Platforms.ActiveCfg = Debug|x86
		{FF758F29-D554-4174-A445-AF382AAB2D59}.Debug|Mixed Platforms.Build.0 = Debug|x86
		{FF758F29-D554-4174-A445-AF382AAB2D59}.Debug|x86.ActiveCfg = Debug|x86
		{FF758F29-D554-4174-A445-AF382AAB2D59}.Debug|x86.Build.0 = Debug|x86
		{FF758F29-D554-4174-A445-AF382AAB2D59}.Release|Any CPU.ActiveCfg = Release|x86
		{FF758F29-D554-4174-A445-AF382AAB2D59}.Release|Mixed Platforms.ActiveCfg = Release|x86
		{FF758F29-D554-4174-A445-AF382AAB2D59}.Release|Mixed Platforms.Build.0 = Release|x86
		{FF758F29-D554-4174-A445-AF382AAB2D59}.Release|x86.ActiveCfg = Release|x86
		{FF758F29-D554-4174-A445-AF382AAB2D59}.Release|x86.Build.0 = Release|x86
	EndGlobalSection
	GlobalSection(SolutionProperties) = preSolution
		HideSolutionNode = FALSE
	EndGlobalSection
EndGlobal
